PODS:
  - RZSubscribeManager (1.1.2):
    - SwiftyStoreKit
  - RZUIKit (1.0)
  - SwiftyStoreKit (0.16.1)

DEPENDENCIES:
  - RZSubscribeManager
  - RZUIKit

SPEC REPOS:
  trunk:
    - RZSubscribeManager
    - RZUIKit
    - SwiftyStoreKit

SPEC CHECKSUMS:
  RZSubscribeManager: 4d5979b79d415a7fa6696fa619593c5a03bad5ae
  RZUIKit: d34a451d688857e8d3d3514d2d3c892fbd092a02
  SwiftyStoreKit: 6b9c08810269f030586dac1fae8e75871a82e84a

PODFILE CHECKSUM: 4f71ff5ac52845878f100b9b10ad9cfbcce052d1

COCOAPODS: 1.9.3
