PODS:
  - RZDarkModeKit (2.0.7)
  - RZObservableKit (1.0.8)

DEPENDENCIES:
  - RZDarkModeKit
  - RZObservableKit

SPEC REPOS:
  trunk:
    - RZDarkModeKit
    - RZObservableKit

SPEC CHECKSUMS:
  RZDarkModeKit: a0cd9d03afec63c9084299f55eab1427057b9131
  RZObservableKit: 7c59ebc574b1fb66ee2bb7c3f93287b77e8d3113

PODFILE CHECKSUM: 12911909ca7482e83f04952f0705f3c8253557b4

COCOAPODS: 1.10.1
