PODS:
  - RZDarkModeKit (2.0.5)
  - RZEvent (1.0.2)
  - RZScreensKit (1.0.2)
  - RZStoreKit (1.0):
    - SwiftyStoreKit
  - RZUIKit (3.1.3):
    - RZScreensKit
    - RZViewBuilder
  - RZViewBuilder (1.0.5):
    - RZDarkModeKit
  - SwiftyStoreKit (0.16.1)

DEPENDENCIES:
  - RZEvent
  - RZStoreKit
  - RZUIKit

SPEC REPOS:
  trunk:
    - RZDarkModeKit
    - RZEvent
    - RZScreensKit
    - RZStoreKit
    - RZUIKit
    - RZViewBuilder
    - SwiftyStoreKit

SPEC CHECKSUMS:
  RZDarkModeKit: 94d2c4ba7995ed3bf0e53e4523578db1e9b6675b
  RZEvent: 1c92e370ee95c32f54e2ca4acec07d194a04b2a4
  RZScreensKit: 802485a995bc994f6df46d7a9c84816a04f82e78
  RZStoreKit: 4bf888dc6ad1f1e2c516873b7c5a324c88676813
  RZUIKit: 02fdb7a8de4a460b7a145220f2c7f32355c69040
  RZViewBuilder: 8905b71893970218c03f9e63b1eb44ed58136442
  SwiftyStoreKit: 6b9c08810269f030586dac1fae8e75871a82e84a

PODFILE CHECKSUM: c81db6f450f5707d925d0ad900640bd7a73b3cc3

COCOAPODS: 1.10.0
