// !$*UTF8*$!
{
	archiveVersion = 1;
	classes = {
	};
	objectVersion = 50;
	objects = {

/* Begin PBXBuildFile section */
		43EDF168F5992D7F85C6B395 /* Pods_RZUIPacKit.framework in Frameworks */ = {isa = PBXBuildFile; fileRef = 663D7E2B79412A89F299F9BB /* Pods_RZUIPacKit.framework */; };
		516DFC6625D6943500E9E18B /* RZUIPacKit.h in Headers */ = {isa = PBXBuildFile; fileRef = 516DFC5825D6943500E9E18B /* RZUIPacKit.h */; settings = {ATTRIBUTES = (Public, ); }; };
		516DFC8625D696AD00E9E18B /* RZUIPacController.swift in Sources */ = {isa = PBXBuildFile; fileRef = 516DFC8225D696AD00E9E18B /* RZUIPacController.swift */; };
		516DFC8725D696AD00E9E18B /* RZRootController.swift in Sources */ = {isa = PBXBuildFile; fileRef = 516DFC8325D696AD00E9E18B /* RZRootController.swift */; };
		516DFC8825D696AD00E9E18B /* RZPopUpView.swift in Sources */ = {isa = PBXBuildFile; fileRef = 516DFC8425D696AD00E9E18B /* RZPopUpView.swift */; };
		516DFC8925D696AD00E9E18B /* RZSUIPacController.swift in Sources */ = {isa = PBXBuildFile; fileRef = 516DFC8525D696AD00E9E18B /* RZSUIPacController.swift */; };
		516DFC8F25D696BA00E9E18B /* RZTransitionAnimation.swift in Sources */ = {isa = PBXBuildFile; fileRef = 516DFC8B25D696BA00E9E18B /* RZTransitionAnimation.swift */; };
		516DFC9025D696BA00E9E18B /* RZRotater.swift in Sources */ = {isa = PBXBuildFile; fileRef = 516DFC8C25D696BA00E9E18B /* RZRotater.swift */; };
		516DFC9125D696BA00E9E18B /* UIPacInstaller.swift in Sources */ = {isa = PBXBuildFile; fileRef = 516DFC8D25D696BA00E9E18B /* UIPacInstaller.swift */; };
		516DFC9225D696BA00E9E18B /* LinesController.swift in Sources */ = {isa = PBXBuildFile; fileRef = 516DFC8E25D696BA00E9E18B /* LinesController.swift */; };
		516DFC9525D696C400E9E18B /* RZUIPacRouter.swift in Sources */ = {isa = PBXBuildFile; fileRef = 516DFC9425D696C400E9E18B /* RZUIPacRouter.swift */; };
		516DFC9A25D696CE00E9E18B /* RZUIPacView.swift in Sources */ = {isa = PBXBuildFile; fileRef = 516DFC9725D696CE00E9E18B /* RZUIPacView.swift */; };
		516DFC9B25D696CE00E9E18B /* RZControlledProtocol.swift in Sources */ = {isa = PBXBuildFile; fileRef = 516DFC9825D696CE00E9E18B /* RZControlledProtocol.swift */; };
		516DFC9C25D696CE00E9E18B /* RZSUIPacView.swift in Sources */ = {isa = PBXBuildFile; fileRef = 516DFC9925D696CE00E9E18B /* RZSUIPacView.swift */; };
/* End PBXBuildFile section */

/* Begin PBXFileReference section */
		516DFC5525D6943500E9E18B /* RZUIPacKit.framework */ = {isa = PBXFileReference; explicitFileType = wrapper.framework; includeInIndex = 0; path = RZUIPacKit.framework; sourceTree = BUILT_PRODUCTS_DIR; };
		516DFC5825D6943500E9E18B /* RZUIPacKit.h */ = {isa = PBXFileReference; lastKnownFileType = sourcecode.c.h; path = RZUIPacKit.h; sourceTree = "<group>"; };
		516DFC5925D6943500E9E18B /* Info.plist */ = {isa = PBXFileReference; lastKnownFileType = text.plist.xml; path = Info.plist; sourceTree = "<group>"; };
		516DFC8225D696AD00E9E18B /* RZUIPacController.swift */ = {isa = PBXFileReference; fileEncoding = 4; lastKnownFileType = sourcecode.swift; path = RZUIPacController.swift; sourceTree = "<group>"; };
		516DFC8325D696AD00E9E18B /* RZRootController.swift */ = {isa = PBXFileReference; fileEncoding = 4; lastKnownFileType = sourcecode.swift; path = RZRootController.swift; sourceTree = "<group>"; };
		516DFC8425D696AD00E9E18B /* RZPopUpView.swift */ = {isa = PBXFileReference; fileEncoding = 4; lastKnownFileType = sourcecode.swift; path = RZPopUpView.swift; sourceTree = "<group>"; };
		516DFC8525D696AD00E9E18B /* RZSUIPacController.swift */ = {isa = PBXFileReference; fileEncoding = 4; lastKnownFileType = sourcecode.swift; path = RZSUIPacController.swift; sourceTree = "<group>"; };
		516DFC8B25D696BA00E9E18B /* RZTransitionAnimation.swift */ = {isa = PBXFileReference; fileEncoding = 4; lastKnownFileType = sourcecode.swift; path = RZTransitionAnimation.swift; sourceTree = "<group>"; };
		516DFC8C25D696BA00E9E18B /* RZRotater.swift */ = {isa = PBXFileReference; fileEncoding = 4; lastKnownFileType = sourcecode.swift; path = RZRotater.swift; sourceTree = "<group>"; };
		516DFC8D25D696BA00E9E18B /* UIPacInstaller.swift */ = {isa = PBXFileReference; fileEncoding = 4; lastKnownFileType = sourcecode.swift; path = UIPacInstaller.swift; sourceTree = "<group>"; };
		516DFC8E25D696BA00E9E18B /* LinesController.swift */ = {isa = PBXFileReference; fileEncoding = 4; lastKnownFileType = sourcecode.swift; path = LinesController.swift; sourceTree = "<group>"; };
		516DFC9425D696C400E9E18B /* RZUIPacRouter.swift */ = {isa = PBXFileReference; fileEncoding = 4; lastKnownFileType = sourcecode.swift; path = RZUIPacRouter.swift; sourceTree = "<group>"; };
		516DFC9725D696CE00E9E18B /* RZUIPacView.swift */ = {isa = PBXFileReference; fileEncoding = 4; lastKnownFileType = sourcecode.swift; path = RZUIPacView.swift; sourceTree = "<group>"; };
		516DFC9825D696CE00E9E18B /* RZControlledProtocol.swift */ = {isa = PBXFileReference; fileEncoding = 4; lastKnownFileType = sourcecode.swift; path = RZControlledProtocol.swift; sourceTree = "<group>"; };
		516DFC9925D696CE00E9E18B /* RZSUIPacView.swift */ = {isa = PBXFileReference; fileEncoding = 4; lastKnownFileType = sourcecode.swift; path = RZSUIPacView.swift; sourceTree = "<group>"; };
		663D7E2B79412A89F299F9BB /* Pods_RZUIPacKit.framework */ = {isa = PBXFileReference; explicitFileType = wrapper.framework; includeInIndex = 0; path = Pods_RZUIPacKit.framework; sourceTree = BUILT_PRODUCTS_DIR; };
		77BA67D669F1C2455D1DD5A6 /* Pods-RZUIPacKit.debug.xcconfig */ = {isa = PBXFileReference; includeInIndex = 1; lastKnownFileType = text.xcconfig; name = "Pods-RZUIPacKit.debug.xcconfig"; path = "Target Support Files/Pods-RZUIPacKit/Pods-RZUIPacKit.debug.xcconfig"; sourceTree = "<group>"; };
		EFE6D135A94687202EE56B4B /* Pods-RZUIPacKit.release.xcconfig */ = {isa = PBXFileReference; includeInIndex = 1; lastKnownFileType = text.xcconfig; name = "Pods-RZUIPacKit.release.xcconfig"; path = "Target Support Files/Pods-RZUIPacKit/Pods-RZUIPacKit.release.xcconfig"; sourceTree = "<group>"; };
/* End PBXFileReference section */

/* Begin PBXFrameworksBuildPhase section */
		516DFC5225D6943500E9E18B /* Frameworks */ = {
			isa = PBXFrameworksBuildPhase;
			buildActionMask = 2147483647;
			files = (
				43EDF168F5992D7F85C6B395 /* Pods_RZUIPacKit.framework in Frameworks */,
			);
			runOnlyForDeploymentPostprocessing = 0;
		};
/* End PBXFrameworksBuildPhase section */

/* Begin PBXGroup section */
		516DFC4B25D6943500E9E18B = {
			isa = PBXGroup;
			children = (
				516DFC5725D6943500E9E18B /* RZUIPacKit */,
				516DFC5625D6943500E9E18B /* Products */,
				CB07A1BC312834FA15432DA1 /* Pods */,
				648CF59C50FFBDE54F52EF18 /* Frameworks */,
			);
			sourceTree = "<group>";
		};
		516DFC5625D6943500E9E18B /* Products */ = {
			isa = PBXGroup;
			children = (
				516DFC5525D6943500E9E18B /* RZUIPacKit.framework */,
			);
			name = Products;
			sourceTree = "<group>";
		};
		516DFC5725D6943500E9E18B /* RZUIPacKit */ = {
			isa = PBXGroup;
			children = (
				516DFC7E25D6965F00E9E18B /* Controllers */,
				516DFC8125D6968C00E9E18B /* Views */,
				516DFC8025D6968A00E9E18B /* Router */,
				516DFC7F25D6968600E9E18B /* Helpers */,
				516DFC5825D6943500E9E18B /* RZUIPacKit.h */,
				516DFC5925D6943500E9E18B /* Info.plist */,
			);
			path = RZUIPacKit;
			sourceTree = "<group>";
		};
		516DFC7E25D6965F00E9E18B /* Controllers */ = {
			isa = PBXGroup;
			children = (
				516DFC8425D696AD00E9E18B /* RZPopUpView.swift */,
				516DFC8325D696AD00E9E18B /* RZRootController.swift */,
				516DFC8525D696AD00E9E18B /* RZSUIPacController.swift */,
				516DFC8225D696AD00E9E18B /* RZUIPacController.swift */,
			);
			path = Controllers;
			sourceTree = "<group>";
		};
		516DFC7F25D6968600E9E18B /* Helpers */ = {
			isa = PBXGroup;
			children = (
				516DFC8E25D696BA00E9E18B /* LinesController.swift */,
				516DFC8C25D696BA00E9E18B /* RZRotater.swift */,
				516DFC8B25D696BA00E9E18B /* RZTransitionAnimation.swift */,
				516DFC8D25D696BA00E9E18B /* UIPacInstaller.swift */,
			);
			path = Helpers;
			sourceTree = "<group>";
		};
		516DFC8025D6968A00E9E18B /* Router */ = {
			isa = PBXGroup;
			children = (
				516DFC9425D696C400E9E18B /* RZUIPacRouter.swift */,
			);
			path = Router;
			sourceTree = "<group>";
		};
		516DFC8125D6968C00E9E18B /* Views */ = {
			isa = PBXGroup;
			children = (
				516DFC9825D696CE00E9E18B /* RZControlledProtocol.swift */,
				516DFC9925D696CE00E9E18B /* RZSUIPacView.swift */,
				516DFC9725D696CE00E9E18B /* RZUIPacView.swift */,
			);
			path = Views;
			sourceTree = "<group>";
		};
		648CF59C50FFBDE54F52EF18 /* Frameworks */ = {
			isa = PBXGroup;
			children = (
				663D7E2B79412A89F299F9BB /* Pods_RZUIPacKit.framework */,
			);
			name = Frameworks;
			sourceTree = "<group>";
		};
		CB07A1BC312834FA15432DA1 /* Pods */ = {
			isa = PBXGroup;
			children = (
				77BA67D669F1C2455D1DD5A6 /* Pods-RZUIPacKit.debug.xcconfig */,
				EFE6D135A94687202EE56B4B /* Pods-RZUIPacKit.release.xcconfig */,
			);
			name = Pods;
			path = Pods;
			sourceTree = "<group>";
		};
/* End PBXGroup section */

/* Begin PBXHeadersBuildPhase section */
		516DFC5025D6943500E9E18B /* Headers */ = {
			isa = PBXHeadersBuildPhase;
			buildActionMask = 2147483647;
			files = (
				516DFC6625D6943500E9E18B /* RZUIPacKit.h in Headers */,
			);
			runOnlyForDeploymentPostprocessing = 0;
		};
/* End PBXHeadersBuildPhase section */

/* Begin PBXNativeTarget section */
		516DFC5425D6943500E9E18B /* RZUIPacKit */ = {
			isa = PBXNativeTarget;
			buildConfigurationList = 516DFC6925D6943500E9E18B /* Build configuration list for PBXNativeTarget "RZUIPacKit" */;
			buildPhases = (
				6D83ECC340D69377C9C45F8A /* [CP] Check Pods Manifest.lock */,
				516DFC5025D6943500E9E18B /* Headers */,
				516DFC5125D6943500E9E18B /* Sources */,
				516DFC5225D6943500E9E18B /* Frameworks */,
				516DFC5325D6943500E9E18B /* Resources */,
			);
			buildRules = (
			);
			dependencies = (
			);
			name = RZUIPacKit;
			productName = RZUIPacKit;
			productReference = 516DFC5525D6943500E9E18B /* RZUIPacKit.framework */;
			productType = "com.apple.product-type.framework";
		};
/* End PBXNativeTarget section */

/* Begin PBXProject section */
		516DFC4C25D6943500E9E18B /* Project object */ = {
			isa = PBXProject;
			attributes = {
				LastSwiftUpdateCheck = 1240;
				LastUpgradeCheck = 1240;
				TargetAttributes = {
					516DFC5425D6943500E9E18B = {
						CreatedOnToolsVersion = 12.4;
					};
				};
			};
			buildConfigurationList = 516DFC4F25D6943500E9E18B /* Build configuration list for PBXProject "RZUIPacKit" */;
			compatibilityVersion = "Xcode 9.3";
			developmentRegion = en;
			hasScannedForEncodings = 0;
			knownRegions = (
				en,
				Base,
			);
			mainGroup = 516DFC4B25D6943500E9E18B;
			productRefGroup = 516DFC5625D6943500E9E18B /* Products */;
			projectDirPath = "";
			projectRoot = "";
			targets = (
				516DFC5425D6943500E9E18B /* RZUIPacKit */,
			);
		};
/* End PBXProject section */

/* Begin PBXResourcesBuildPhase section */
		516DFC5325D6943500E9E18B /* Resources */ = {
			isa = PBXResourcesBuildPhase;
			buildActionMask = 2147483647;
			files = (
			);
			runOnlyForDeploymentPostprocessing = 0;
		};
/* End PBXResourcesBuildPhase section */

/* Begin PBXShellScriptBuildPhase section */
		6D83ECC340D69377C9C45F8A /* [CP] Check Pods Manifest.lock */ = {
			isa = PBXShellScriptBuildPhase;
			buildActionMask = 2147483647;
			files = (
			);
			inputFileListPaths = (
			);
			inputPaths = (
				"${PODS_PODFILE_DIR_PATH}/Podfile.lock",
				"${PODS_ROOT}/Manifest.lock",
			);
			name = "[CP] Check Pods Manifest.lock";
			outputFileListPaths = (
			);
			outputPaths = (
				"$(DERIVED_FILE_DIR)/Pods-RZUIPacKit-checkManifestLockResult.txt",
			);
			runOnlyForDeploymentPostprocessing = 0;
			shellPath = /bin/sh;
			shellScript = "diff \"${PODS_PODFILE_DIR_PATH}/Podfile.lock\" \"${PODS_ROOT}/Manifest.lock\" > /dev/null\nif [ $? != 0 ] ; then\n    # print error to STDERR\n    echo \"error: The sandbox is not in sync with the Podfile.lock. Run 'pod install' or update your CocoaPods installation.\" >&2\n    exit 1\nfi\n# This output is used by Xcode 'outputs' to avoid re-running this script phase.\necho \"SUCCESS\" > \"${SCRIPT_OUTPUT_FILE_0}\"\n";
			showEnvVarsInLog = 0;
		};
/* End PBXShellScriptBuildPhase section */

/* Begin PBXSourcesBuildPhase section */
		516DFC5125D6943500E9E18B /* Sources */ = {
			isa = PBXSourcesBuildPhase;
			buildActionMask = 2147483647;
			files = (
				516DFC9B25D696CE00E9E18B /* RZControlledProtocol.swift in Sources */,
				516DFC8F25D696BA00E9E18B /* RZTransitionAnimation.swift in Sources */,
				516DFC9A25D696CE00E9E18B /* RZUIPacView.swift in Sources */,
				516DFC8925D696AD00E9E18B /* RZSUIPacController.swift in Sources */,
				516DFC8625D696AD00E9E18B /* RZUIPacController.swift in Sources */,
				516DFC9C25D696CE00E9E18B /* RZSUIPacView.swift in Sources */,
				516DFC9025D696BA00E9E18B /* RZRotater.swift in Sources */,
				516DFC8725D696AD00E9E18B /* RZRootController.swift in Sources */,
				516DFC8825D696AD00E9E18B /* RZPopUpView.swift in Sources */,
				516DFC9125D696BA00E9E18B /* UIPacInstaller.swift in Sources */,
				516DFC9525D696C400E9E18B /* RZUIPacRouter.swift in Sources */,
				516DFC9225D696BA00E9E18B /* LinesController.swift in Sources */,
			);
			runOnlyForDeploymentPostprocessing = 0;
		};
/* End PBXSourcesBuildPhase section */

/* Begin XCBuildConfiguration section */
		516DFC6725D6943500E9E18B /* Debug */ = {
			isa = XCBuildConfiguration;
			buildSettings = {
				ALWAYS_SEARCH_USER_PATHS = NO;
				CLANG_ANALYZER_NONNULL = YES;
				CLANG_ANALYZER_NUMBER_OBJECT_CONVERSION = YES_AGGRESSIVE;
				CLANG_CXX_LANGUAGE_STANDARD = "gnu++14";
				CLANG_CXX_LIBRARY = "libc++";
				CLANG_ENABLE_MODULES = YES;
				CLANG_ENABLE_OBJC_ARC = YES;
				CLANG_ENABLE_OBJC_WEAK = YES;
				CLANG_WARN_BLOCK_CAPTURE_AUTORELEASING = YES;
				CLANG_WARN_BOOL_CONVERSION = YES;
				CLANG_WARN_COMMA = YES;
				CLANG_WARN_CONSTANT_CONVERSION = YES;
				CLANG_WARN_DEPRECATED_OBJC_IMPLEMENTATIONS = YES;
				CLANG_WARN_DIRECT_OBJC_ISA_USAGE = YES_ERROR;
				CLANG_WARN_DOCUMENTATION_COMMENTS = YES;
				CLANG_WARN_EMPTY_BODY = YES;
				CLANG_WARN_ENUM_CONVERSION = YES;
				CLANG_WARN_INFINITE_RECURSION = YES;
				CLANG_WARN_INT_CONVERSION = YES;
				CLANG_WARN_NON_LITERAL_NULL_CONVERSION = YES;
				CLANG_WARN_OBJC_IMPLICIT_RETAIN_SELF = YES;
				CLANG_WARN_OBJC_LITERAL_CONVERSION = YES;
				CLANG_WARN_OBJC_ROOT_CLASS = YES_ERROR;
				CLANG_WARN_QUOTED_INCLUDE_IN_FRAMEWORK_HEADER = YES;
				CLANG_WARN_RANGE_LOOP_ANALYSIS = YES;
				CLANG_WARN_STRICT_PROTOTYPES = YES;
				CLANG_WARN_SUSPICIOUS_MOVE = YES;
				CLANG_WARN_UNGUARDED_AVAILABILITY = YES_AGGRESSIVE;
				CLANG_WARN_UNREACHABLE_CODE = YES;
				CLANG_WARN__DUPLICATE_METHOD_MATCH = YES;
				COPY_PHASE_STRIP = NO;
				CURRENT_PROJECT_VERSION = 1;
				DEBUG_INFORMATION_FORMAT = dwarf;
				ENABLE_STRICT_OBJC_MSGSEND = YES;
				ENABLE_TESTABILITY = YES;
				GCC_C_LANGUAGE_STANDARD = gnu11;
				GCC_DYNAMIC_NO_PIC = NO;
				GCC_NO_COMMON_BLOCKS = YES;
				GCC_OPTIMIZATION_LEVEL = 0;
				GCC_PREPROCESSOR_DEFINITIONS = (
					"DEBUG=1",
					"$(inherited)",
				);
				GCC_WARN_64_TO_32_BIT_CONVERSION = YES;
				GCC_WARN_ABOUT_RETURN_TYPE = YES_ERROR;
				GCC_WARN_UNDECLARED_SELECTOR = YES;
				GCC_WARN_UNINITIALIZED_AUTOS = YES_AGGRESSIVE;
				GCC_WARN_UNUSED_FUNCTION = YES;
				GCC_WARN_UNUSED_VARIABLE = YES;
				IPHONEOS_DEPLOYMENT_TARGET = 14.4;
				MTL_ENABLE_DEBUG_INFO = INCLUDE_SOURCE;
				MTL_FAST_MATH = YES;
				ONLY_ACTIVE_ARCH = YES;
				SDKROOT = iphoneos;
				SWIFT_ACTIVE_COMPILATION_CONDITIONS = DEBUG;
				SWIFT_OPTIMIZATION_LEVEL = "-Onone";
				VERSIONING_SYSTEM = "apple-generic";
				VERSION_INFO_PREFIX = "";
			};
			name = Debug;
		};
		516DFC6825D6943500E9E18B /* Release */ = {
			isa = XCBuildConfiguration;
			buildSettings = {
				ALWAYS_SEARCH_USER_PATHS = NO;
				CLANG_ANALYZER_NONNULL = YES;
				CLANG_ANALYZER_NUMBER_OBJECT_CONVERSION = YES_AGGRESSIVE;
				CLANG_CXX_LANGUAGE_STANDARD = "gnu++14";
				CLANG_CXX_LIBRARY = "libc++";
				CLANG_ENABLE_MODULES = YES;
				CLANG_ENABLE_OBJC_ARC = YES;
				CLANG_ENABLE_OBJC_WEAK = YES;
				CLANG_WARN_BLOCK_CAPTURE_AUTORELEASING = YES;
				CLANG_WARN_BOOL_CONVERSION = YES;
				CLANG_WARN_COMMA = YES;
				CLANG_WARN_CONSTANT_CONVERSION = YES;
				CLANG_WARN_DEPRECATED_OBJC_IMPLEMENTATIONS = YES;
				CLANG_WARN_DIRECT_OBJC_ISA_USAGE = YES_ERROR;
				CLANG_WARN_DOCUMENTATION_COMMENTS = YES;
				CLANG_WARN_EMPTY_BODY = YES;
				CLANG_WARN_ENUM_CONVERSION = YES;
				CLANG_WARN_INFINITE_RECURSION = YES;
				CLANG_WARN_INT_CONVERSION = YES;
				CLANG_WARN_NON_LITERAL_NULL_CONVERSION = YES;
				CLANG_WARN_OBJC_IMPLICIT_RETAIN_SELF = YES;
				CLANG_WARN_OBJC_LITERAL_CONVERSION = YES;
				CLANG_WARN_OBJC_ROOT_CLASS = YES_ERROR;
				CLANG_WARN_QUOTED_INCLUDE_IN_FRAMEWORK_HEADER = YES;
				CLANG_WARN_RANGE_LOOP_ANALYSIS = YES;
				CLANG_WARN_STRICT_PROTOTYPES = YES;
				CLANG_WARN_SUSPICIOUS_MOVE = YES;
				CLANG_WARN_UNGUARDED_AVAILABILITY = YES_AGGRESSIVE;
				CLANG_WARN_UNREACHABLE_CODE = YES;
				CLANG_WARN__DUPLICATE_METHOD_MATCH = YES;
				COPY_PHASE_STRIP = NO;
				CURRENT_PROJECT_VERSION = 1;
				DEBUG_INFORMATION_FORMAT = "dwarf-with-dsym";
				ENABLE_NS_ASSERTIONS = NO;
				ENABLE_STRICT_OBJC_MSGSEND = YES;
				GCC_C_LANGUAGE_STANDARD = gnu11;
				GCC_NO_COMMON_BLOCKS = YES;
				GCC_WARN_64_TO_32_BIT_CONVERSION = YES;
				GCC_WARN_ABOUT_RETURN_TYPE = YES_ERROR;
				GCC_WARN_UNDECLARED_SELECTOR = YES;
				GCC_WARN_UNINITIALIZED_AUTOS = YES_AGGRESSIVE;
				GCC_WARN_UNUSED_FUNCTION = YES;
				GCC_WARN_UNUSED_VARIABLE = YES;
				IPHONEOS_DEPLOYMENT_TARGET = 14.4;
				MTL_ENABLE_DEBUG_INFO = NO;
				MTL_FAST_MATH = YES;
				SDKROOT = iphoneos;
				SWIFT_COMPILATION_MODE = wholemodule;
				SWIFT_OPTIMIZATION_LEVEL = "-O";
				VALIDATE_PRODUCT = YES;
				VERSIONING_SYSTEM = "apple-generic";
				VERSION_INFO_PREFIX = "";
			};
			name = Release;
		};
		516DFC6A25D6943500E9E18B /* Debug */ = {
			isa = XCBuildConfiguration;
			baseConfigurationReference = 77BA67D669F1C2455D1DD5A6 /* Pods-RZUIPacKit.debug.xcconfig */;
			buildSettings = {
				CODE_SIGN_STYLE = Automatic;
				DEFINES_MODULE = YES;
				DEVELOPMENT_TEAM = 8Y5GVPPM5T;
				DYLIB_COMPATIBILITY_VERSION = 1;
				DYLIB_CURRENT_VERSION = 1;
				DYLIB_INSTALL_NAME_BASE = "@rpath";
				INFOPLIST_FILE = RZUIPacKit/Info.plist;
				INSTALL_PATH = "$(LOCAL_LIBRARY_DIR)/Frameworks";
				IPHONEOS_DEPLOYMENT_TARGET = 13.0;
				LD_RUNPATH_SEARCH_PATHS = (
					"$(inherited)",
					"@executable_path/Frameworks",
					"@loader_path/Frameworks",
				);
				PRODUCT_BUNDLE_IDENTIFIER = "Test-Team.RZUIPacKit";
				PRODUCT_NAME = "$(TARGET_NAME:c99extidentifier)";
				SKIP_INSTALL = YES;
				SWIFT_VERSION = 5.0;
				TARGETED_DEVICE_FAMILY = "1,2";
			};
			name = Debug;
		};
		516DFC6B25D6943500E9E18B /* Release */ = {
			isa = XCBuildConfiguration;
			baseConfigurationReference = EFE6D135A94687202EE56B4B /* Pods-RZUIPacKit.release.xcconfig */;
			buildSettings = {
				CODE_SIGN_STYLE = Automatic;
				DEFINES_MODULE = YES;
				DEVELOPMENT_TEAM = 8Y5GVPPM5T;
				DYLIB_COMPATIBILITY_VERSION = 1;
				DYLIB_CURRENT_VERSION = 1;
				DYLIB_INSTALL_NAME_BASE = "@rpath";
				INFOPLIST_FILE = RZUIPacKit/Info.plist;
				INSTALL_PATH = "$(LOCAL_LIBRARY_DIR)/Frameworks";
				IPHONEOS_DEPLOYMENT_TARGET = 13.0;
				LD_RUNPATH_SEARCH_PATHS = (
					"$(inherited)",
					"@executable_path/Frameworks",
					"@loader_path/Frameworks",
				);
				PRODUCT_BUNDLE_IDENTIFIER = "Test-Team.RZUIPacKit";
				PRODUCT_NAME = "$(TARGET_NAME:c99extidentifier)";
				SKIP_INSTALL = YES;
				SWIFT_VERSION = 5.0;
				TARGETED_DEVICE_FAMILY = "1,2";
			};
			name = Release;
		};
/* End XCBuildConfiguration section */

/* Begin XCConfigurationList section */
		516DFC4F25D6943500E9E18B /* Build configuration list for PBXProject "RZUIPacKit" */ = {
			isa = XCConfigurationList;
			buildConfigurations = (
				516DFC6725D6943500E9E18B /* Debug */,
				516DFC6825D6943500E9E18B /* Release */,
			);
			defaultConfigurationIsVisible = 0;
			defaultConfigurationName = Release;
		};
		516DFC6925D6943500E9E18B /* Build configuration list for PBXNativeTarget "RZUIPacKit" */ = {
			isa = XCConfigurationList;
			buildConfigurations = (
				516DFC6A25D6943500E9E18B /* Debug */,
				516DFC6B25D6943500E9E18B /* Release */,
			);
			defaultConfigurationIsVisible = 0;
			defaultConfigurationName = Release;
		};
/* End XCConfigurationList section */
	};
	rootObject = 516DFC4C25D6943500E9E18B /* Project object */;
}
